// !$*UTF8*$!
{
	archiveVersion = 1;
	classes = {
	};
	objectVersion = 50;
	objects = {

/* Begin PBXBuildFile section */
		846867F5239E5D1100EB0D57 /* AppDelegate.swift in Sources */ = {isa = PBXBuildFile; fileRef = 846867F4239E5D1100EB0D57 /* AppDelegate.swift */; };
		846867F7239E5D1100EB0D57 /* SceneDelegate.swift in Sources */ = {isa = PBXBuildFile; fileRef = 846867F6239E5D1100EB0D57 /* SceneDelegate.swift */; };
		846867F9239E5D1100EB0D57 /* ViewController.swift in Sources */ = {isa = PBXBuildFile; fileRef = 846867F8239E5D1100EB0D57 /* ViewController.swift */; };
		846867FC239E5D1100EB0D57 /* Main.storyboard in Resources */ = {isa = PBXBuildFile; fileRef = 846867FA239E5D1100EB0D57 /* Main.storyboard */; };
		846867FE239E5D1200EB0D57 /* Assets.xcassets in Resources */ = {isa = PBXBuildFile; fileRef = 846867FD239E5D1200EB0D57 /* Assets.xcassets */; };
		84686801239E5D1200EB0D57 /* LaunchScreen.storyboard in Resources */ = {isa = PBXBuildFile; fileRef = 846867FF239E5D1200EB0D57 /* LaunchScreen.storyboard */; };
/* End PBXBuildFile section */

/* Begin PBXFileReference section */
		846867F1239E5D1100EB0D57 /* swipGesture_code.app */ = {isa = PBXFileReference; explicitFileType = wrapper.application; includeInIndex = 0; path = swipGesture_code.app; sourceTree = BUILT_PRODUCTS_DIR; };
		846867F4239E5D1100EB0D57 /* AppDelegate.swift */ = {isa = PBXFileReference; lastKnownFileType = sourcecode.swift; path = AppDelegate.swift; sourceTree = "<group>"; };
		846867F6239E5D1100EB0D57 /* SceneDelegate.swift */ = {isa = PBXFileReference; lastKnownFileType = sourcecode.swift; path = SceneDelegate.swift; sourceTree = "<group>"; };
		846867F8239E5D1100EB0D57 /* ViewController.swift */ = {isa = PBXFileReference; lastKnownFileType = sourcecode.swift; path = ViewController.swift; sourceTree = "<group>"; };
		846867FB239E5D1100EB0D57 /* Base */ = {isa = PBXFileReference; lastKnownFileType = file.storyboard; name = Base; path = Base.lproj/Main.storyboard; sourceTree = "<group>"; };
		846867FD239E5D1200EB0D57 /* Assets.xcassets */ = {isa = PBXFileReference; lastKnownFileType = folder.assetcatalog; path = Assets.xcassets; sourceTree = "<group>"; };
		84686800239E5D1200EB0D57 /* Base */ = {isa = PBXFileReference; lastKnownFileType = file.storyboard; name = Base; path = Base.lproj/LaunchScreen.storyboard; sourceTree = "<group>"; };
		84686802239E5D1200EB0D57 /* Info.plist */ = {isa = PBXFileReference; lastKnownFileType = text.plist.xml; path = Info.plist; sourceTree = "<group>"; };
/* End PBXFileReference section */

/* Begin PBXFrameworksBuildPhase section */
		846867EE239E5D1100EB0D57 /* Frameworks */ = {
			isa = PBXFrameworksBuildPhase;
			buildActionMask = 2147483647;
			files = (
			);
			runOnlyForDeploymentPostprocessing = 0;
		};
/* End PBXFrameworksBuildPhase section */

/* Begin PBXGroup section */
		846867E8239E5D1100EB0D57 = {
			isa = PBXGroup;
			children = (
				846867F3239E5D1100EB0D57 /* swipGesture_code */,
				846867F2239E5D1100EB0D57 /* Products */,
			);
			sourceTree = "<group>";
		};
		846867F2239E5D1100EB0D57 /* Products */ = {
			isa = PBXGroup;
			children = (
				846867F1239E5D1100EB0D57 /* swipGesture_code.app */,
			);
			name = Products;
			sourceTree = "<group>";
		};
		846867F3239E5D1100EB0D57 /* swipGesture_code */ = {
			isa = PBXGroup;
			children = (
				846867F4239E5D1100EB0D57 /* AppDelegate.swift */,
				846867F6239E5D1100EB0D57 /* SceneDelegate.swift */,
				846867F8239E5D1100EB0D57 /* ViewController.swift */,
				846867FA239E5D1100EB0D57 /* Main.storyboard */,
				846867FD239E5D1200EB0D57 /* Assets.xcassets */,
				846867FF239E5D1200EB0D57 /* LaunchScreen.storyboard */,
				84686802239E5D1200EB0D57 /* Info.plist */,
			);
			path = swipGesture_code;
			sourceTree = "<group>";
		};
/* End PBXGroup section */

/* Begin PBXNativeTarget section */
		846867F0239E5D1100EB0D57 /* swipGesture_code */ = {
			isa = PBXNativeTarget;
			buildConfigurationList = 84686805239E5D1200EB0D57 /* Build configuration list for PBXNativeTarget "swipGesture_code" */;
			buildPhases = (
				846867ED239E5D1100EB0D57 /* Sources */,
				846867EE239E5D1100EB0D57 /* Frameworks */,
				846867EF239E5D1100EB0D57 /* Resources */,
			);
			buildRules = (
			);
			dependencies = (
			);
			name = swipGesture_code;
			productName = swipGesture_code;
			productReference = 846867F1239E5D1100EB0D57 /* swipGesture_code.app */;
			productType = "com.apple.product-type.application";
		};
/* End PBXNativeTarget section */

/* Begin PBXProject section */
		846867E9239E5D1100EB0D57 /* Project object */ = {
			isa = PBXProject;
			attributes = {
				LastSwiftUpdateCheck = 1130;
				LastUpgradeCheck = 1130;
				ORGANIZATIONNAME = Admin;
				TargetAttributes = {
					846867F0239E5D1100EB0D57 = {
						CreatedOnToolsVersion = 11.3;
					};
				};
			};
			buildConfigurationList = 846867EC239E5D1100EB0D57 /* Build configuration list for PBXProject "swipGesture_code" */;
			compatibilityVersion = "Xcode 9.3";
			developmentRegion = en;
			hasScannedForEncodings = 0;
			knownRegions = (
				en,
				Base,
			);
			mainGroup = 846867E8239E5D1100EB0D57;
			productRefGroup = 846867F2239E5D1100EB0D57 /* Products */;
			projectDirPath = "";
			projectRoot = "";
			targets = (
				846867F0239E5D1100EB0D57 /* swipGesture_code */,
			);
		};
/* End PBXProject section */

/* Begin PBXResourcesBuildPhase section */
		846867EF239E5D1100EB0D57 /* Resources */ = {
			isa = PBXResourcesBuildPhase;
			buildActionMask = 2147483647;
			files = (
				84686801239E5D1200EB0D57 /* LaunchScreen.storyboard in Resources */,
				846867FE239E5D1200EB0D57 /* Assets.xcassets in Resources */,
				846867FC239E5D1100EB0D57 /* Main.storyboard in Resources */,
			);
			runOnlyForDeploymentPostprocessing = 0;
		};
/* End PBXResourcesBuildPhase section */

/* Begin PBXSourcesBuildPhase section */
		846867ED239E5D1100EB0D57 /* Sources */ = {
			isa = PBXSourcesBuildPhase;
			buildActionMask = 2147483647;
			files = (
				846867F9239E5D1100EB0D57 /* ViewController.swift in Sources */,
				846867F5239E5D1100EB0D57 /* AppDelegate.swift in Sources */,
				846867F7239E5D1100EB0D57 /* SceneDelegate.swift in Sources */,
			);
			runOnlyForDeploymentPostprocessing = 0;
		};
/* End PBXSourcesBuildPhase section */

/* Begin PBXVariantGroup section */
		846867FA239E5D1100EB0D57 /* Main.storyboard */ = {
			isa = PBXVariantGroup;
			children = (
				846867FB239E5D1100EB0D57 /* Base */,
			);
			name = Main.storyboard;
			sourceTree = "<group>";
		};
		846867FF239E5D1200EB0D57 /* LaunchScreen.storyboard */ = {
			isa = PBXVariantGroup;
			children = (
				84686800239E5D1200EB0D57 /* Base */,
			);
			name = LaunchScreen.storyboard;
			sourceTree = "<group>";
		};
/* End PBXVariantGroup section */

/* Begin XCBuildConfiguration section */
		84686803239E5D1200EB0D57 /* Debug */ = {
			isa = XCBuildConfiguration;
			buildSettings = {
				ALWAYS_SEARCH_USER_PATHS = NO;
				CLANG_ANALYZER_NONNULL = YES;
				CLANG_ANALYZER_NUMBER_OBJECT_CONVERSION = YES_AGGRESSIVE;
				CLANG_CXX_LANGUAGE_STANDARD = "gnu++14";
				CLANG_CXX_LIBRARY = "libc++";
				CLANG_ENABLE_MODULES = YES;
				CLANG_ENABLE_OBJC_ARC = YES;
				CLANG_ENABLE_OBJC_WEAK = YES;
				CLANG_WARN_BLOCK_CAPTURE_AUTORELEASING = YES;
				CLANG_WARN_BOOL_CONVERSION = YES;
				CLANG_WARN_COMMA = YES;
				CLANG_WARN_CONSTANT_CONVERSION = YES;
				CLANG_WARN_DEPRECATED_OBJC_IMPLEMENTATIONS = YES;
				CLANG_WARN_DIRECT_OBJC_ISA_USAGE = YES_ERROR;
				CLANG_WARN_DOCUMENTATION_COMMENTS = YES;
				CLANG_WARN_EMPTY_BODY = YES;
				CLANG_WARN_ENUM_CONVERSION = YES;
				CLANG_WARN_INFINITE_RECURSION = YES;
				CLANG_WARN_INT_CONVERSION = YES;
				CLANG_WARN_NON_LITERAL_NULL_CONVERSION = YES;
				CLANG_WARN_OBJC_IMPLICIT_RETAIN_SELF = YES;
				CLANG_WARN_OBJC_LITERAL_CONVERSION = YES;
				CLANG_WARN_OBJC_ROOT_CLASS = YES_ERROR;
				CLANG_WARN_RANGE_LOOP_ANALYSIS = YES;
				CLANG_WARN_STRICT_PROTOTYPES = YES;
				CLANG_WARN_SUSPICIOUS_MOVE = YES;
				CLANG_WARN_UNGUARDED_AVAILABILITY = YES_AGGRESSIVE;
				CLANG_WARN_UNREACHABLE_CODE = YES;
				CLANG_WARN__DUPLICATE_METHOD_MATCH = YES;
				COPY_PHASE_STRIP = NO;
				DEBUG_INFORMATION_FORMAT = dwarf;
				ENABLE_STRICT_OBJC_MSGSEND = YES;
				ENABLE_TESTABILITY = YES;
				GCC_C_LANGUAGE_STANDARD = gnu11;
				GCC_DYNAMIC_NO_PIC = NO;
				GCC_NO_COMMON_BLOCKS = YES;
				GCC_OPTIMIZATION_LEVEL = 0;
				GCC_PREPROCESSOR_DEFINITIONS = (
					"DEBUG=1",
					"$(inherited)",
				);
				GCC_WARN_64_TO_32_BIT_CONVERSION = YES;
				GCC_WARN_ABOUT_RETURN_TYPE = YES_ERROR;
				GCC_WARN_UNDECLARED_SELECTOR = YES;
				GCC_WARN_UNINITIALIZED_AUTOS = YES_AGGRESSIVE;
				GCC_WARN_UNUSED_FUNCTION = YES;
				GCC_WARN_UNUSED_VARIABLE = YES;
				IPHONEOS_DEPLOYMENT_TARGET = 13.2;
				MTL_ENABLE_DEBUG_INFO = INCLUDE_SOURCE;
				MTL_FAST_MATH = YES;
				ONLY_ACTIVE_ARCH = YES;
				SDKROOT = iphoneos;
				SWIFT_ACTIVE_COMPILATION_CONDITIONS = DEBUG;
				SWIFT_OPTIMIZATION_LEVEL = "-Onone";
			};
			name = Debug;
		};
		84686804239E5D1200EB0D57 /* Release */ = {
			isa = XCBuildConfiguration;
			buildSettings = {
				ALWAYS_SEARCH_USER_PATHS = NO;
				CLANG_ANALYZER_NONNULL = YES;
				CLANG_ANALYZER_NUMBER_OBJECT_CONVERSION = YES_AGGRESSIVE;
				CLANG_CXX_LANGUAGE_STANDARD = "gnu++14";
				CLANG_CXX_LIBRARY = "libc++";
				CLANG_ENABLE_MODULES = YES;
				CLANG_ENABLE_OBJC_ARC = YES;
				CLANG_ENABLE_OBJC_WEAK = YES;
				CLANG_WARN_BLOCK_CAPTURE_AUTORELEASING = YES;
				CLANG_WARN_BOOL_CONVERSION = YES;
				CLANG_WARN_COMMA = YES;
				CLANG_WARN_CONSTANT_CONVERSION = YES;
				CLANG_WARN_DEPRECATED_OBJC_IMPLEMENTATIONS = YES;
				CLANG_WARN_DIRECT_OBJC_ISA_USAGE = YES_ERROR;
				CLANG_WARN_DOCUMENTATION_COMMENTS = YES;
				CLANG_WARN_EMPTY_BODY = YES;
				CLANG_WARN_ENUM_CONVERSION = YES;
				CLANG_WARN_INFINITE_RECURSION = YES;
				CLANG_WARN_INT_CONVERSION = YES;
				CLANG_WARN_NON_LITERAL_NULL_CONVERSION = YES;
				CLANG_WARN_OBJC_IMPLICIT_RETAIN_SELF = YES;
				CLANG_WARN_OBJC_LITERAL_CONVERSION = YES;
				CLANG_WARN_OBJC_ROOT_CLASS = YES_ERROR;
				CLANG_WARN_RANGE_LOOP_ANALYSIS = YES;
				CLANG_WARN_STRICT_PROTOTYPES = YES;
				CLANG_WARN_SUSPICIOUS_MOVE = YES;
				CLANG_WARN_UNGUARDED_AVAILABILITY = YES_AGGRESSIVE;
				CLANG_WARN_UNREACHABLE_CODE = YES;
				CLANG_WARN__DUPLICATE_METHOD_MATCH = YES;
				COPY_PHASE_STRIP = NO;
				DEBUG_INFORMATION_FORMAT = "dwarf-with-dsym";
				ENABLE_NS_ASSERTIONS = NO;
				ENABLE_STRICT_OBJC_MSGSEND = YES;
				GCC_C_LANGUAGE_STANDARD = gnu11;
				GCC_NO_COMMON_BLOCKS = YES;
				GCC_WARN_64_TO_32_BIT_CONVERSION = YES;
				GCC_WARN_ABOUT_RETURN_TYPE = YES_ERROR;
				GCC_WARN_UNDECLARED_SELECTOR = YES;
				GCC_WARN_UNINITIALIZED_AUTOS = YES_AGGRESSIVE;
				GCC_WARN_UNUSED_FUNCTION = YES;
				GCC_WARN_UNUSED_VARIABLE = YES;
				IPHONEOS_DEPLOYMENT_TARGET = 13.2;
				MTL_ENABLE_DEBUG_INFO = NO;
				MTL_FAST_MATH = YES;
				SDKROOT = iphoneos;
				SWIFT_COMPILATION_MODE = wholemodule;
				SWIFT_OPTIMIZATION_LEVEL = "-O";
				VALIDATE_PRODUCT = YES;
			};
			name = Release;
		};
		84686806239E5D1200EB0D57 /* Debug */ = {
			isa = XCBuildConfiguration;
			buildSettings = {
				ASSETCATALOG_COMPILER_APPICON_NAME = AppIcon;
				CODE_SIGN_STYLE = Automatic;
				INFOPLIST_FILE = swipGesture_code/Info.plist;
				LD_RUNPATH_SEARCH_PATHS = (
					"$(inherited)",
					"@executable_path/Frameworks",
				);
				PRODUCT_BUNDLE_IDENTIFIER = "masterteam.swipGesture-code";
				PRODUCT_NAME = "$(TARGET_NAME)";
				SWIFT_VERSION = 5.0;
				TARGETED_DEVICE_FAMILY = "1,2";
			};
			name = Debug;
		};
		84686807239E5D1200EB0D57 /* Release */ = {
			isa = XCBuildConfiguration;
			buildSettings = {
				ASSETCATALOG_COMPILER_APPICON_NAME = AppIcon;
				CODE_SIGN_STYLE = Automatic;
				INFOPLIST_FILE = swipGesture_code/Info.plist;
				LD_RUNPATH_SEARCH_PATHS = (
					"$(inherited)",
					"@executable_path/Frameworks",
				);
				PRODUCT_BUNDLE_IDENTIFIER = "masterteam.swipGesture-code";
				PRODUCT_NAME = "$(TARGET_NAME)";
				SWIFT_VERSION = 5.0;
				TARGETED_DEVICE_FAMILY = "1,2";
			};
			name = Release;
		};
/* End XCBuildConfiguration section */

/* Begin XCConfigurationList section */
		846867EC239E5D1100EB0D57 /* Build configuration list for PBXProject "swipGesture_code" */ = {
			isa = XCConfigurationList;
			buildConfigurations = (
				84686803239E5D1200EB0D57 /* Debug */,
				84686804239E5D1200EB0D57 /* Release */,
			);
			defaultConfigurationIsVisible = 0;
			defaultConfigurationName = Release;
		};
		84686805239E5D1200EB0D57 /* Build configuration list for PBXNativeTarget "swipGesture_code" */ = {
			isa = XCConfigurationList;
			buildConfigurations = (
				84686806239E5D1200EB0D57 /* Debug */,
				84686807239E5D1200EB0D57 /* Release */,
			);
			defaultConfigurationIsVisible = 0;
			defaultConfigurationName = Release;
		};
/* End XCConfigurationList section */
	};
	rootObject = 846867E9239E5D1100EB0D57 /* Project object */;
}
