// !$*UTF8*$!
{
	archiveVersion = 1;
	classes = {
	};
	objectVersion = 50;
	objects = {

/* Begin PBXBuildFile section */
		84686849239E8C9400EB0D57 /* AppDelegate.swift in Sources */ = {isa = PBXBuildFile; fileRef = 84686848239E8C9400EB0D57 /* AppDelegate.swift */; };
		8468684B239E8C9400EB0D57 /* SceneDelegate.swift in Sources */ = {isa = PBXBuildFile; fileRef = 8468684A239E8C9400EB0D57 /* SceneDelegate.swift */; };
		8468684D239E8C9400EB0D57 /* ViewController.swift in Sources */ = {isa = PBXBuildFile; fileRef = 8468684C239E8C9400EB0D57 /* ViewController.swift */; };
		84686850239E8C9400EB0D57 /* Main.storyboard in Resources */ = {isa = PBXBuildFile; fileRef = 8468684E239E8C9400EB0D57 /* Main.storyboard */; };
		84686852239E8C9400EB0D57 /* Assets.xcassets in Resources */ = {isa = PBXBuildFile; fileRef = 84686851239E8C9400EB0D57 /* Assets.xcassets */; };
		84686855239E8C9400EB0D57 /* LaunchScreen.storyboard in Resources */ = {isa = PBXBuildFile; fileRef = 84686853239E8C9400EB0D57 /* LaunchScreen.storyboard */; };
		8468685F239E8FA900EB0D57 /* MainPage_tableViewCell.swift in Sources */ = {isa = PBXBuildFile; fileRef = 8468685E239E8FA900EB0D57 /* MainPage_tableViewCell.swift */; };
		84686861239E8FF500EB0D57 /* newFoodpage_CollectionViewCell.swift in Sources */ = {isa = PBXBuildFile; fileRef = 84686860239E8FF500EB0D57 /* newFoodpage_CollectionViewCell.swift */; };
		84EC00E823A323A0003FC8F7 /* MainPageViewController.swift in Sources */ = {isa = PBXBuildFile; fileRef = 84EC00E723A323A0003FC8F7 /* MainPageViewController.swift */; };
		84EC00EA23A32570003FC8F7 /* foodCell.xib in Resources */ = {isa = PBXBuildFile; fileRef = 84EC00E923A32570003FC8F7 /* foodCell.xib */; };
		84EC00ED23A32A4B003FC8F7 /* foodCollectionViewCell.swift in Sources */ = {isa = PBXBuildFile; fileRef = 84EC00EB23A32A4B003FC8F7 /* foodCollectionViewCell.swift */; };
		84EC00EE23A32A4B003FC8F7 /* foodCollectionViewCell.xib in Resources */ = {isa = PBXBuildFile; fileRef = 84EC00EC23A32A4B003FC8F7 /* foodCollectionViewCell.xib */; };
/* End PBXBuildFile section */

/* Begin PBXFileReference section */
		84686845239E8C9400EB0D57 /* foodApp.app */ = {isa = PBXFileReference; explicitFileType = wrapper.application; includeInIndex = 0; path = foodApp.app; sourceTree = BUILT_PRODUCTS_DIR; };
		84686848239E8C9400EB0D57 /* AppDelegate.swift */ = {isa = PBXFileReference; lastKnownFileType = sourcecode.swift; path = AppDelegate.swift; sourceTree = "<group>"; };
		8468684A239E8C9400EB0D57 /* SceneDelegate.swift */ = {isa = PBXFileReference; lastKnownFileType = sourcecode.swift; path = SceneDelegate.swift; sourceTree = "<group>"; };
		8468684C239E8C9400EB0D57 /* ViewController.swift */ = {isa = PBXFileReference; lastKnownFileType = sourcecode.swift; path = ViewController.swift; sourceTree = "<group>"; };
		8468684F239E8C9400EB0D57 /* Base */ = {isa = PBXFileReference; lastKnownFileType = file.storyboard; name = Base; path = Base.lproj/Main.storyboard; sourceTree = "<group>"; };
		84686851239E8C9400EB0D57 /* Assets.xcassets */ = {isa = PBXFileReference; lastKnownFileType = folder.assetcatalog; path = Assets.xcassets; sourceTree = "<group>"; };
		84686854239E8C9400EB0D57 /* Base */ = {isa = PBXFileReference; lastKnownFileType = file.storyboard; name = Base; path = Base.lproj/LaunchScreen.storyboard; sourceTree = "<group>"; };
		84686856239E8C9400EB0D57 /* Info.plist */ = {isa = PBXFileReference; lastKnownFileType = text.plist.xml; path = Info.plist; sourceTree = "<group>"; };
		8468685E239E8FA900EB0D57 /* MainPage_tableViewCell.swift */ = {isa = PBXFileReference; lastKnownFileType = sourcecode.swift; path = MainPage_tableViewCell.swift; sourceTree = "<group>"; };
		84686860239E8FF500EB0D57 /* newFoodpage_CollectionViewCell.swift */ = {isa = PBXFileReference; lastKnownFileType = sourcecode.swift; path = newFoodpage_CollectionViewCell.swift; sourceTree = "<group>"; };
		84EC00E723A323A0003FC8F7 /* MainPageViewController.swift */ = {isa = PBXFileReference; lastKnownFileType = sourcecode.swift; path = MainPageViewController.swift; sourceTree = "<group>"; };
		84EC00E923A32570003FC8F7 /* foodCell.xib */ = {isa = PBXFileReference; lastKnownFileType = file.xib; path = foodCell.xib; sourceTree = "<group>"; };
		84EC00EB23A32A4B003FC8F7 /* foodCollectionViewCell.swift */ = {isa = PBXFileReference; lastKnownFileType = sourcecode.swift; path = foodCollectionViewCell.swift; sourceTree = "<group>"; };
		84EC00EC23A32A4B003FC8F7 /* foodCollectionViewCell.xib */ = {isa = PBXFileReference; lastKnownFileType = file.xib; path = foodCollectionViewCell.xib; sourceTree = "<group>"; };
/* End PBXFileReference section */

/* Begin PBXFrameworksBuildPhase section */
		84686842239E8C9400EB0D57 /* Frameworks */ = {
			isa = PBXFrameworksBuildPhase;
			buildActionMask = 2147483647;
			files = (
			);
			runOnlyForDeploymentPostprocessing = 0;
		};
/* End PBXFrameworksBuildPhase section */

/* Begin PBXGroup section */
		8468683C239E8C9400EB0D57 = {
			isa = PBXGroup;
			children = (
				84686847239E8C9400EB0D57 /* foodApp */,
				84686846239E8C9400EB0D57 /* Products */,
			);
			sourceTree = "<group>";
		};
		84686846239E8C9400EB0D57 /* Products */ = {
			isa = PBXGroup;
			children = (
				84686845239E8C9400EB0D57 /* foodApp.app */,
			);
			name = Products;
			sourceTree = "<group>";
		};
		84686847239E8C9400EB0D57 /* foodApp */ = {
			isa = PBXGroup;
			children = (
				84686848239E8C9400EB0D57 /* AppDelegate.swift */,
				8468684A239E8C9400EB0D57 /* SceneDelegate.swift */,
				8468684C239E8C9400EB0D57 /* ViewController.swift */,
				8468684E239E8C9400EB0D57 /* Main.storyboard */,
				84686851239E8C9400EB0D57 /* Assets.xcassets */,
				84686853239E8C9400EB0D57 /* LaunchScreen.storyboard */,
				84686856239E8C9400EB0D57 /* Info.plist */,
				8468685E239E8FA900EB0D57 /* MainPage_tableViewCell.swift */,
				84686860239E8FF500EB0D57 /* newFoodpage_CollectionViewCell.swift */,
				84EC00E723A323A0003FC8F7 /* MainPageViewController.swift */,
				84EC00E923A32570003FC8F7 /* foodCell.xib */,
				84EC00EB23A32A4B003FC8F7 /* foodCollectionViewCell.swift */,
				84EC00EC23A32A4B003FC8F7 /* foodCollectionViewCell.xib */,
			);
			path = foodApp;
			sourceTree = "<group>";
		};
/* End PBXGroup section */

/* Begin PBXNativeTarget section */
		84686844239E8C9400EB0D57 /* foodApp */ = {
			isa = PBXNativeTarget;
			buildConfigurationList = 84686859239E8C9400EB0D57 /* Build configuration list for PBXNativeTarget "foodApp" */;
			buildPhases = (
				84686841239E8C9400EB0D57 /* Sources */,
				84686842239E8C9400EB0D57 /* Frameworks */,
				84686843239E8C9400EB0D57 /* Resources */,
			);
			buildRules = (
			);
			dependencies = (
			);
			name = foodApp;
			productName = foodApp;
			productReference = 84686845239E8C9400EB0D57 /* foodApp.app */;
			productType = "com.apple.product-type.application";
		};
/* End PBXNativeTarget section */

/* Begin PBXProject section */
		8468683D239E8C9400EB0D57 /* Project object */ = {
			isa = PBXProject;
			attributes = {
				LastSwiftUpdateCheck = 1130;
				LastUpgradeCheck = 1130;
				ORGANIZATIONNAME = Admin;
				TargetAttributes = {
					84686844239E8C9400EB0D57 = {
						CreatedOnToolsVersion = 11.3;
					};
				};
			};
			buildConfigurationList = 84686840239E8C9400EB0D57 /* Build configuration list for PBXProject "foodApp" */;
			compatibilityVersion = "Xcode 9.3";
			developmentRegion = en;
			hasScannedForEncodings = 0;
			knownRegions = (
				en,
				Base,
			);
			mainGroup = 8468683C239E8C9400EB0D57;
			productRefGroup = 84686846239E8C9400EB0D57 /* Products */;
			projectDirPath = "";
			projectRoot = "";
			targets = (
				84686844239E8C9400EB0D57 /* foodApp */,
			);
		};
/* End PBXProject section */

/* Begin PBXResourcesBuildPhase section */
		84686843239E8C9400EB0D57 /* Resources */ = {
			isa = PBXResourcesBuildPhase;
			buildActionMask = 2147483647;
			files = (
				84686855239E8C9400EB0D57 /* LaunchScreen.storyboard in Resources */,
				84EC00EA23A32570003FC8F7 /* foodCell.xib in Resources */,
				84686852239E8C9400EB0D57 /* Assets.xcassets in Resources */,
				84686850239E8C9400EB0D57 /* Main.storyboard in Resources */,
				84EC00EE23A32A4B003FC8F7 /* foodCollectionViewCell.xib in Resources */,
			);
			runOnlyForDeploymentPostprocessing = 0;
		};
/* End PBXResourcesBuildPhase section */

/* Begin PBXSourcesBuildPhase section */
		84686841239E8C9400EB0D57 /* Sources */ = {
			isa = PBXSourcesBuildPhase;
			buildActionMask = 2147483647;
			files = (
				84686861239E8FF500EB0D57 /* newFoodpage_CollectionViewCell.swift in Sources */,
				8468684D239E8C9400EB0D57 /* ViewController.swift in Sources */,
				84686849239E8C9400EB0D57 /* AppDelegate.swift in Sources */,
				8468684B239E8C9400EB0D57 /* SceneDelegate.swift in Sources */,
				84EC00E823A323A0003FC8F7 /* MainPageViewController.swift in Sources */,
				84EC00ED23A32A4B003FC8F7 /* foodCollectionViewCell.swift in Sources */,
				8468685F239E8FA900EB0D57 /* MainPage_tableViewCell.swift in Sources */,
			);
			runOnlyForDeploymentPostprocessing = 0;
		};
/* End PBXSourcesBuildPhase section */

/* Begin PBXVariantGroup section */
		8468684E239E8C9400EB0D57 /* Main.storyboard */ = {
			isa = PBXVariantGroup;
			children = (
				8468684F239E8C9400EB0D57 /* Base */,
			);
			name = Main.storyboard;
			sourceTree = "<group>";
		};
		84686853239E8C9400EB0D57 /* LaunchScreen.storyboard */ = {
			isa = PBXVariantGroup;
			children = (
				84686854239E8C9400EB0D57 /* Base */,
			);
			name = LaunchScreen.storyboard;
			sourceTree = "<group>";
		};
/* End PBXVariantGroup section */

/* Begin XCBuildConfiguration section */
		84686857239E8C9400EB0D57 /* Debug */ = {
			isa = XCBuildConfiguration;
			buildSettings = {
				ALWAYS_SEARCH_USER_PATHS = NO;
				CLANG_ANALYZER_NONNULL = YES;
				CLANG_ANALYZER_NUMBER_OBJECT_CONVERSION = YES_AGGRESSIVE;
				CLANG_CXX_LANGUAGE_STANDARD = "gnu++14";
				CLANG_CXX_LIBRARY = "libc++";
				CLANG_ENABLE_MODULES = YES;
				CLANG_ENABLE_OBJC_ARC = YES;
				CLANG_ENABLE_OBJC_WEAK = YES;
				CLANG_WARN_BLOCK_CAPTURE_AUTORELEASING = YES;
				CLANG_WARN_BOOL_CONVERSION = YES;
				CLANG_WARN_COMMA = YES;
				CLANG_WARN_CONSTANT_CONVERSION = YES;
				CLANG_WARN_DEPRECATED_OBJC_IMPLEMENTATIONS = YES;
				CLANG_WARN_DIRECT_OBJC_ISA_USAGE = YES_ERROR;
				CLANG_WARN_DOCUMENTATION_COMMENTS = YES;
				CLANG_WARN_EMPTY_BODY = YES;
				CLANG_WARN_ENUM_CONVERSION = YES;
				CLANG_WARN_INFINITE_RECURSION = YES;
				CLANG_WARN_INT_CONVERSION = YES;
				CLANG_WARN_NON_LITERAL_NULL_CONVERSION = YES;
				CLANG_WARN_OBJC_IMPLICIT_RETAIN_SELF = YES;
				CLANG_WARN_OBJC_LITERAL_CONVERSION = YES;
				CLANG_WARN_OBJC_ROOT_CLASS = YES_ERROR;
				CLANG_WARN_RANGE_LOOP_ANALYSIS = YES;
				CLANG_WARN_STRICT_PROTOTYPES = YES;
				CLANG_WARN_SUSPICIOUS_MOVE = YES;
				CLANG_WARN_UNGUARDED_AVAILABILITY = YES_AGGRESSIVE;
				CLANG_WARN_UNREACHABLE_CODE = YES;
				CLANG_WARN__DUPLICATE_METHOD_MATCH = YES;
				COPY_PHASE_STRIP = NO;
				DEBUG_INFORMATION_FORMAT = dwarf;
				ENABLE_STRICT_OBJC_MSGSEND = YES;
				ENABLE_TESTABILITY = YES;
				GCC_C_LANGUAGE_STANDARD = gnu11;
				GCC_DYNAMIC_NO_PIC = NO;
				GCC_NO_COMMON_BLOCKS = YES;
				GCC_OPTIMIZATION_LEVEL = 0;
				GCC_PREPROCESSOR_DEFINITIONS = (
					"DEBUG=1",
					"$(inherited)",
				);
				GCC_WARN_64_TO_32_BIT_CONVERSION = YES;
				GCC_WARN_ABOUT_RETURN_TYPE = YES_ERROR;
				GCC_WARN_UNDECLARED_SELECTOR = YES;
				GCC_WARN_UNINITIALIZED_AUTOS = YES_AGGRESSIVE;
				GCC_WARN_UNUSED_FUNCTION = YES;
				GCC_WARN_UNUSED_VARIABLE = YES;
				IPHONEOS_DEPLOYMENT_TARGET = 13.2;
				MTL_ENABLE_DEBUG_INFO = INCLUDE_SOURCE;
				MTL_FAST_MATH = YES;
				ONLY_ACTIVE_ARCH = YES;
				SDKROOT = iphoneos;
				SWIFT_ACTIVE_COMPILATION_CONDITIONS = DEBUG;
				SWIFT_OPTIMIZATION_LEVEL = "-Onone";
			};
			name = Debug;
		};
		84686858239E8C9400EB0D57 /* Release */ = {
			isa = XCBuildConfiguration;
			buildSettings = {
				ALWAYS_SEARCH_USER_PATHS = NO;
				CLANG_ANALYZER_NONNULL = YES;
				CLANG_ANALYZER_NUMBER_OBJECT_CONVERSION = YES_AGGRESSIVE;
				CLANG_CXX_LANGUAGE_STANDARD = "gnu++14";
				CLANG_CXX_LIBRARY = "libc++";
				CLANG_ENABLE_MODULES = YES;
				CLANG_ENABLE_OBJC_ARC = YES;
				CLANG_ENABLE_OBJC_WEAK = YES;
				CLANG_WARN_BLOCK_CAPTURE_AUTORELEASING = YES;
				CLANG_WARN_BOOL_CONVERSION = YES;
				CLANG_WARN_COMMA = YES;
				CLANG_WARN_CONSTANT_CONVERSION = YES;
				CLANG_WARN_DEPRECATED_OBJC_IMPLEMENTATIONS = YES;
				CLANG_WARN_DIRECT_OBJC_ISA_USAGE = YES_ERROR;
				CLANG_WARN_DOCUMENTATION_COMMENTS = YES;
				CLANG_WARN_EMPTY_BODY = YES;
				CLANG_WARN_ENUM_CONVERSION = YES;
				CLANG_WARN_INFINITE_RECURSION = YES;
				CLANG_WARN_INT_CONVERSION = YES;
				CLANG_WARN_NON_LITERAL_NULL_CONVERSION = YES;
				CLANG_WARN_OBJC_IMPLICIT_RETAIN_SELF = YES;
				CLANG_WARN_OBJC_LITERAL_CONVERSION = YES;
				CLANG_WARN_OBJC_ROOT_CLASS = YES_ERROR;
				CLANG_WARN_RANGE_LOOP_ANALYSIS = YES;
				CLANG_WARN_STRICT_PROTOTYPES = YES;
				CLANG_WARN_SUSPICIOUS_MOVE = YES;
				CLANG_WARN_UNGUARDED_AVAILABILITY = YES_AGGRESSIVE;
				CLANG_WARN_UNREACHABLE_CODE = YES;
				CLANG_WARN__DUPLICATE_METHOD_MATCH = YES;
				COPY_PHASE_STRIP = NO;
				DEBUG_INFORMATION_FORMAT = "dwarf-with-dsym";
				ENABLE_NS_ASSERTIONS = NO;
				ENABLE_STRICT_OBJC_MSGSEND = YES;
				GCC_C_LANGUAGE_STANDARD = gnu11;
				GCC_NO_COMMON_BLOCKS = YES;
				GCC_WARN_64_TO_32_BIT_CONVERSION = YES;
				GCC_WARN_ABOUT_RETURN_TYPE = YES_ERROR;
				GCC_WARN_UNDECLARED_SELECTOR = YES;
				GCC_WARN_UNINITIALIZED_AUTOS = YES_AGGRESSIVE;
				GCC_WARN_UNUSED_FUNCTION = YES;
				GCC_WARN_UNUSED_VARIABLE = YES;
				IPHONEOS_DEPLOYMENT_TARGET = 13.2;
				MTL_ENABLE_DEBUG_INFO = NO;
				MTL_FAST_MATH = YES;
				SDKROOT = iphoneos;
				SWIFT_COMPILATION_MODE = wholemodule;
				SWIFT_OPTIMIZATION_LEVEL = "-O";
				VALIDATE_PRODUCT = YES;
			};
			name = Release;
		};
		8468685A239E8C9400EB0D57 /* Debug */ = {
			isa = XCBuildConfiguration;
			buildSettings = {
				ASSETCATALOG_COMPILER_APPICON_NAME = AppIcon;
				CODE_SIGN_STYLE = Automatic;
				INFOPLIST_FILE = foodApp/Info.plist;
				LD_RUNPATH_SEARCH_PATHS = (
					"$(inherited)",
					"@executable_path/Frameworks",
				);
				PRODUCT_BUNDLE_IDENTIFIER = masterteam.foodApp;
				PRODUCT_NAME = "$(TARGET_NAME)";
				SWIFT_VERSION = 5.0;
				TARGETED_DEVICE_FAMILY = "1,2";
			};
			name = Debug;
		};
		8468685B239E8C9400EB0D57 /* Release */ = {
			isa = XCBuildConfiguration;
			buildSettings = {
				ASSETCATALOG_COMPILER_APPICON_NAME = AppIcon;
				CODE_SIGN_STYLE = Automatic;
				INFOPLIST_FILE = foodApp/Info.plist;
				LD_RUNPATH_SEARCH_PATHS = (
					"$(inherited)",
					"@executable_path/Frameworks",
				);
				PRODUCT_BUNDLE_IDENTIFIER = masterteam.foodApp;
				PRODUCT_NAME = "$(TARGET_NAME)";
				SWIFT_VERSION = 5.0;
				TARGETED_DEVICE_FAMILY = "1,2";
			};
			name = Release;
		};
/* End XCBuildConfiguration section */

/* Begin XCConfigurationList section */
		84686840239E8C9400EB0D57 /* Build configuration list for PBXProject "foodApp" */ = {
			isa = XCConfigurationList;
			buildConfigurations = (
				84686857239E8C9400EB0D57 /* Debug */,
				84686858239E8C9400EB0D57 /* Release */,
			);
			defaultConfigurationIsVisible = 0;
			defaultConfigurationName = Release;
		};
		84686859239E8C9400EB0D57 /* Build configuration list for PBXNativeTarget "foodApp" */ = {
			isa = XCConfigurationList;
			buildConfigurations = (
				8468685A239E8C9400EB0D57 /* Debug */,
				8468685B239E8C9400EB0D57 /* Release */,
			);
			defaultConfigurationIsVisible = 0;
			defaultConfigurationName = Release;
		};
/* End XCConfigurationList section */
	};
	rootObject = 8468683D239E8C9400EB0D57 /* Project object */;
}
