// !$*UTF8*$!
{
	archiveVersion = 1;
	classes = {
	};
	objectVersion = 50;
	objects = {

/* Begin PBXBuildFile section */
		842493B223AA5C2200B85563 /* AppDelegate.swift in Sources */ = {isa = PBXBuildFile; fileRef = 842493B123AA5C2200B85563 /* AppDelegate.swift */; };
		842493B423AA5C2200B85563 /* SceneDelegate.swift in Sources */ = {isa = PBXBuildFile; fileRef = 842493B323AA5C2200B85563 /* SceneDelegate.swift */; };
		842493B623AA5C2200B85563 /* ViewController.swift in Sources */ = {isa = PBXBuildFile; fileRef = 842493B523AA5C2200B85563 /* ViewController.swift */; };
		842493B923AA5C2200B85563 /* Main.storyboard in Resources */ = {isa = PBXBuildFile; fileRef = 842493B723AA5C2200B85563 /* Main.storyboard */; };
		842493BB23AA5C2400B85563 /* Assets.xcassets in Resources */ = {isa = PBXBuildFile; fileRef = 842493BA23AA5C2400B85563 /* Assets.xcassets */; };
		842493BE23AA5C2400B85563 /* LaunchScreen.storyboard in Resources */ = {isa = PBXBuildFile; fileRef = 842493BC23AA5C2400B85563 /* LaunchScreen.storyboard */; };
		84DC056523ACE82A00E80C35 /* SecondViewController.swift in Sources */ = {isa = PBXBuildFile; fileRef = 84DC056423ACE82A00E80C35 /* SecondViewController.swift */; };
/* End PBXBuildFile section */

/* Begin PBXFileReference section */
		842493AE23AA5C2200B85563 /* omdpAPITest.app */ = {isa = PBXFileReference; explicitFileType = wrapper.application; includeInIndex = 0; path = omdpAPITest.app; sourceTree = BUILT_PRODUCTS_DIR; };
		842493B123AA5C2200B85563 /* AppDelegate.swift */ = {isa = PBXFileReference; lastKnownFileType = sourcecode.swift; path = AppDelegate.swift; sourceTree = "<group>"; };
		842493B323AA5C2200B85563 /* SceneDelegate.swift */ = {isa = PBXFileReference; lastKnownFileType = sourcecode.swift; path = SceneDelegate.swift; sourceTree = "<group>"; };
		842493B523AA5C2200B85563 /* ViewController.swift */ = {isa = PBXFileReference; lastKnownFileType = sourcecode.swift; path = ViewController.swift; sourceTree = "<group>"; };
		842493B823AA5C2200B85563 /* Base */ = {isa = PBXFileReference; lastKnownFileType = file.storyboard; name = Base; path = Base.lproj/Main.storyboard; sourceTree = "<group>"; };
		842493BA23AA5C2400B85563 /* Assets.xcassets */ = {isa = PBXFileReference; lastKnownFileType = folder.assetcatalog; path = Assets.xcassets; sourceTree = "<group>"; };
		842493BD23AA5C2400B85563 /* Base */ = {isa = PBXFileReference; lastKnownFileType = file.storyboard; name = Base; path = Base.lproj/LaunchScreen.storyboard; sourceTree = "<group>"; };
		842493BF23AA5C2400B85563 /* Info.plist */ = {isa = PBXFileReference; lastKnownFileType = text.plist.xml; path = Info.plist; sourceTree = "<group>"; };
		84DC056423ACE82A00E80C35 /* SecondViewController.swift */ = {isa = PBXFileReference; lastKnownFileType = sourcecode.swift; path = SecondViewController.swift; sourceTree = "<group>"; };
/* End PBXFileReference section */

/* Begin PBXFrameworksBuildPhase section */
		842493AB23AA5C2200B85563 /* Frameworks */ = {
			isa = PBXFrameworksBuildPhase;
			buildActionMask = 2147483647;
			files = (
			);
			runOnlyForDeploymentPostprocessing = 0;
		};
/* End PBXFrameworksBuildPhase section */

/* Begin PBXGroup section */
		842493A523AA5C2200B85563 = {
			isa = PBXGroup;
			children = (
				842493B023AA5C2200B85563 /* omdpAPITest */,
				842493AF23AA5C2200B85563 /* Products */,
			);
			sourceTree = "<group>";
		};
		842493AF23AA5C2200B85563 /* Products */ = {
			isa = PBXGroup;
			children = (
				842493AE23AA5C2200B85563 /* omdpAPITest.app */,
			);
			name = Products;
			sourceTree = "<group>";
		};
		842493B023AA5C2200B85563 /* omdpAPITest */ = {
			isa = PBXGroup;
			children = (
				842493B123AA5C2200B85563 /* AppDelegate.swift */,
				842493B323AA5C2200B85563 /* SceneDelegate.swift */,
				842493B523AA5C2200B85563 /* ViewController.swift */,
				842493B723AA5C2200B85563 /* Main.storyboard */,
				842493BA23AA5C2400B85563 /* Assets.xcassets */,
				842493BC23AA5C2400B85563 /* LaunchScreen.storyboard */,
				842493BF23AA5C2400B85563 /* Info.plist */,
				84DC056423ACE82A00E80C35 /* SecondViewController.swift */,
			);
			path = omdpAPITest;
			sourceTree = "<group>";
		};
/* End PBXGroup section */

/* Begin PBXNativeTarget section */
		842493AD23AA5C2200B85563 /* omdpAPITest */ = {
			isa = PBXNativeTarget;
			buildConfigurationList = 842493C223AA5C2400B85563 /* Build configuration list for PBXNativeTarget "omdpAPITest" */;
			buildPhases = (
				842493AA23AA5C2200B85563 /* Sources */,
				842493AB23AA5C2200B85563 /* Frameworks */,
				842493AC23AA5C2200B85563 /* Resources */,
			);
			buildRules = (
			);
			dependencies = (
			);
			name = omdpAPITest;
			productName = omdpAPITest;
			productReference = 842493AE23AA5C2200B85563 /* omdpAPITest.app */;
			productType = "com.apple.product-type.application";
		};
/* End PBXNativeTarget section */

/* Begin PBXProject section */
		842493A623AA5C2200B85563 /* Project object */ = {
			isa = PBXProject;
			attributes = {
				LastSwiftUpdateCheck = 1130;
				LastUpgradeCheck = 1130;
				ORGANIZATIONNAME = Admin;
				TargetAttributes = {
					842493AD23AA5C2200B85563 = {
						CreatedOnToolsVersion = 11.3;
					};
				};
			};
			buildConfigurationList = 842493A923AA5C2200B85563 /* Build configuration list for PBXProject "omdpAPITest" */;
			compatibilityVersion = "Xcode 9.3";
			developmentRegion = en;
			hasScannedForEncodings = 0;
			knownRegions = (
				en,
				Base,
			);
			mainGroup = 842493A523AA5C2200B85563;
			productRefGroup = 842493AF23AA5C2200B85563 /* Products */;
			projectDirPath = "";
			projectRoot = "";
			targets = (
				842493AD23AA5C2200B85563 /* omdpAPITest */,
			);
		};
/* End PBXProject section */

/* Begin PBXResourcesBuildPhase section */
		842493AC23AA5C2200B85563 /* Resources */ = {
			isa = PBXResourcesBuildPhase;
			buildActionMask = 2147483647;
			files = (
				842493BE23AA5C2400B85563 /* LaunchScreen.storyboard in Resources */,
				842493BB23AA5C2400B85563 /* Assets.xcassets in Resources */,
				842493B923AA5C2200B85563 /* Main.storyboard in Resources */,
			);
			runOnlyForDeploymentPostprocessing = 0;
		};
/* End PBXResourcesBuildPhase section */

/* Begin PBXSourcesBuildPhase section */
		842493AA23AA5C2200B85563 /* Sources */ = {
			isa = PBXSourcesBuildPhase;
			buildActionMask = 2147483647;
			files = (
				84DC056523ACE82A00E80C35 /* SecondViewController.swift in Sources */,
				842493B623AA5C2200B85563 /* ViewController.swift in Sources */,
				842493B223AA5C2200B85563 /* AppDelegate.swift in Sources */,
				842493B423AA5C2200B85563 /* SceneDelegate.swift in Sources */,
			);
			runOnlyForDeploymentPostprocessing = 0;
		};
/* End PBXSourcesBuildPhase section */

/* Begin PBXVariantGroup section */
		842493B723AA5C2200B85563 /* Main.storyboard */ = {
			isa = PBXVariantGroup;
			children = (
				842493B823AA5C2200B85563 /* Base */,
			);
			name = Main.storyboard;
			sourceTree = "<group>";
		};
		842493BC23AA5C2400B85563 /* LaunchScreen.storyboard */ = {
			isa = PBXVariantGroup;
			children = (
				842493BD23AA5C2400B85563 /* Base */,
			);
			name = LaunchScreen.storyboard;
			sourceTree = "<group>";
		};
/* End PBXVariantGroup section */

/* Begin XCBuildConfiguration section */
		842493C023AA5C2400B85563 /* Debug */ = {
			isa = XCBuildConfiguration;
			buildSettings = {
				ALWAYS_SEARCH_USER_PATHS = NO;
				CLANG_ANALYZER_NONNULL = YES;
				CLANG_ANALYZER_NUMBER_OBJECT_CONVERSION = YES_AGGRESSIVE;
				CLANG_CXX_LANGUAGE_STANDARD = "gnu++14";
				CLANG_CXX_LIBRARY = "libc++";
				CLANG_ENABLE_MODULES = YES;
				CLANG_ENABLE_OBJC_ARC = YES;
				CLANG_ENABLE_OBJC_WEAK = YES;
				CLANG_WARN_BLOCK_CAPTURE_AUTORELEASING = YES;
				CLANG_WARN_BOOL_CONVERSION = YES;
				CLANG_WARN_COMMA = YES;
				CLANG_WARN_CONSTANT_CONVERSION = YES;
				CLANG_WARN_DEPRECATED_OBJC_IMPLEMENTATIONS = YES;
				CLANG_WARN_DIRECT_OBJC_ISA_USAGE = YES_ERROR;
				CLANG_WARN_DOCUMENTATION_COMMENTS = YES;
				CLANG_WARN_EMPTY_BODY = YES;
				CLANG_WARN_ENUM_CONVERSION = YES;
				CLANG_WARN_INFINITE_RECURSION = YES;
				CLANG_WARN_INT_CONVERSION = YES;
				CLANG_WARN_NON_LITERAL_NULL_CONVERSION = YES;
				CLANG_WARN_OBJC_IMPLICIT_RETAIN_SELF = YES;
				CLANG_WARN_OBJC_LITERAL_CONVERSION = YES;
				CLANG_WARN_OBJC_ROOT_CLASS = YES_ERROR;
				CLANG_WARN_RANGE_LOOP_ANALYSIS = YES;
				CLANG_WARN_STRICT_PROTOTYPES = YES;
				CLANG_WARN_SUSPICIOUS_MOVE = YES;
				CLANG_WARN_UNGUARDED_AVAILABILITY = YES_AGGRESSIVE;
				CLANG_WARN_UNREACHABLE_CODE = YES;
				CLANG_WARN__DUPLICATE_METHOD_MATCH = YES;
				COPY_PHASE_STRIP = NO;
				DEBUG_INFORMATION_FORMAT = dwarf;
				ENABLE_STRICT_OBJC_MSGSEND = YES;
				ENABLE_TESTABILITY = YES;
				GCC_C_LANGUAGE_STANDARD = gnu11;
				GCC_DYNAMIC_NO_PIC = NO;
				GCC_NO_COMMON_BLOCKS = YES;
				GCC_OPTIMIZATION_LEVEL = 0;
				GCC_PREPROCESSOR_DEFINITIONS = (
					"DEBUG=1",
					"$(inherited)",
				);
				GCC_WARN_64_TO_32_BIT_CONVERSION = YES;
				GCC_WARN_ABOUT_RETURN_TYPE = YES_ERROR;
				GCC_WARN_UNDECLARED_SELECTOR = YES;
				GCC_WARN_UNINITIALIZED_AUTOS = YES_AGGRESSIVE;
				GCC_WARN_UNUSED_FUNCTION = YES;
				GCC_WARN_UNUSED_VARIABLE = YES;
				IPHONEOS_DEPLOYMENT_TARGET = 13.2;
				MTL_ENABLE_DEBUG_INFO = INCLUDE_SOURCE;
				MTL_FAST_MATH = YES;
				ONLY_ACTIVE_ARCH = YES;
				SDKROOT = iphoneos;
				SWIFT_ACTIVE_COMPILATION_CONDITIONS = DEBUG;
				SWIFT_OPTIMIZATION_LEVEL = "-Onone";
			};
			name = Debug;
		};
		842493C123AA5C2400B85563 /* Release */ = {
			isa = XCBuildConfiguration;
			buildSettings = {
				ALWAYS_SEARCH_USER_PATHS = NO;
				CLANG_ANALYZER_NONNULL = YES;
				CLANG_ANALYZER_NUMBER_OBJECT_CONVERSION = YES_AGGRESSIVE;
				CLANG_CXX_LANGUAGE_STANDARD = "gnu++14";
				CLANG_CXX_LIBRARY = "libc++";
				CLANG_ENABLE_MODULES = YES;
				CLANG_ENABLE_OBJC_ARC = YES;
				CLANG_ENABLE_OBJC_WEAK = YES;
				CLANG_WARN_BLOCK_CAPTURE_AUTORELEASING = YES;
				CLANG_WARN_BOOL_CONVERSION = YES;
				CLANG_WARN_COMMA = YES;
				CLANG_WARN_CONSTANT_CONVERSION = YES;
				CLANG_WARN_DEPRECATED_OBJC_IMPLEMENTATIONS = YES;
				CLANG_WARN_DIRECT_OBJC_ISA_USAGE = YES_ERROR;
				CLANG_WARN_DOCUMENTATION_COMMENTS = YES;
				CLANG_WARN_EMPTY_BODY = YES;
				CLANG_WARN_ENUM_CONVERSION = YES;
				CLANG_WARN_INFINITE_RECURSION = YES;
				CLANG_WARN_INT_CONVERSION = YES;
				CLANG_WARN_NON_LITERAL_NULL_CONVERSION = YES;
				CLANG_WARN_OBJC_IMPLICIT_RETAIN_SELF = YES;
				CLANG_WARN_OBJC_LITERAL_CONVERSION = YES;
				CLANG_WARN_OBJC_ROOT_CLASS = YES_ERROR;
				CLANG_WARN_RANGE_LOOP_ANALYSIS = YES;
				CLANG_WARN_STRICT_PROTOTYPES = YES;
				CLANG_WARN_SUSPICIOUS_MOVE = YES;
				CLANG_WARN_UNGUARDED_AVAILABILITY = YES_AGGRESSIVE;
				CLANG_WARN_UNREACHABLE_CODE = YES;
				CLANG_WARN__DUPLICATE_METHOD_MATCH = YES;
				COPY_PHASE_STRIP = NO;
				DEBUG_INFORMATION_FORMAT = "dwarf-with-dsym";
				ENABLE_NS_ASSERTIONS = NO;
				ENABLE_STRICT_OBJC_MSGSEND = YES;
				GCC_C_LANGUAGE_STANDARD = gnu11;
				GCC_NO_COMMON_BLOCKS = YES;
				GCC_WARN_64_TO_32_BIT_CONVERSION = YES;
				GCC_WARN_ABOUT_RETURN_TYPE = YES_ERROR;
				GCC_WARN_UNDECLARED_SELECTOR = YES;
				GCC_WARN_UNINITIALIZED_AUTOS = YES_AGGRESSIVE;
				GCC_WARN_UNUSED_FUNCTION = YES;
				GCC_WARN_UNUSED_VARIABLE = YES;
				IPHONEOS_DEPLOYMENT_TARGET = 13.2;
				MTL_ENABLE_DEBUG_INFO = NO;
				MTL_FAST_MATH = YES;
				SDKROOT = iphoneos;
				SWIFT_COMPILATION_MODE = wholemodule;
				SWIFT_OPTIMIZATION_LEVEL = "-O";
				VALIDATE_PRODUCT = YES;
			};
			name = Release;
		};
		842493C323AA5C2400B85563 /* Debug */ = {
			isa = XCBuildConfiguration;
			buildSettings = {
				ASSETCATALOG_COMPILER_APPICON_NAME = AppIcon;
				CODE_SIGN_STYLE = Automatic;
				INFOPLIST_FILE = omdpAPITest/Info.plist;
				LD_RUNPATH_SEARCH_PATHS = (
					"$(inherited)",
					"@executable_path/Frameworks",
				);
				PRODUCT_BUNDLE_IDENTIFIER = masterteam.omdpAPITest;
				PRODUCT_NAME = "$(TARGET_NAME)";
				SWIFT_VERSION = 5.0;
				TARGETED_DEVICE_FAMILY = "1,2";
			};
			name = Debug;
		};
		842493C423AA5C2400B85563 /* Release */ = {
			isa = XCBuildConfiguration;
			buildSettings = {
				ASSETCATALOG_COMPILER_APPICON_NAME = AppIcon;
				CODE_SIGN_STYLE = Automatic;
				INFOPLIST_FILE = omdpAPITest/Info.plist;
				LD_RUNPATH_SEARCH_PATHS = (
					"$(inherited)",
					"@executable_path/Frameworks",
				);
				PRODUCT_BUNDLE_IDENTIFIER = masterteam.omdpAPITest;
				PRODUCT_NAME = "$(TARGET_NAME)";
				SWIFT_VERSION = 5.0;
				TARGETED_DEVICE_FAMILY = "1,2";
			};
			name = Release;
		};
/* End XCBuildConfiguration section */

/* Begin XCConfigurationList section */
		842493A923AA5C2200B85563 /* Build configuration list for PBXProject "omdpAPITest" */ = {
			isa = XCConfigurationList;
			buildConfigurations = (
				842493C023AA5C2400B85563 /* Debug */,
				842493C123AA5C2400B85563 /* Release */,
			);
			defaultConfigurationIsVisible = 0;
			defaultConfigurationName = Release;
		};
		842493C223AA5C2400B85563 /* Build configuration list for PBXNativeTarget "omdpAPITest" */ = {
			isa = XCConfigurationList;
			buildConfigurations = (
				842493C323AA5C2400B85563 /* Debug */,
				842493C423AA5C2400B85563 /* Release */,
			);
			defaultConfigurationIsVisible = 0;
			defaultConfigurationName = Release;
		};
/* End XCConfigurationList section */
	};
	rootObject = 842493A623AA5C2200B85563 /* Project object */;
}
