// !$*UTF8*$!
{
	archiveVersion = 1;
	classes = {
	};
	objectVersion = 50;
	objects = {

/* Begin PBXBuildFile section */
		84294EB023C5D66000A785C5 /* AppDelegate.m in Sources */ = {isa = PBXBuildFile; fileRef = 84294EAF23C5D66000A785C5 /* AppDelegate.m */; };
		84294EB323C5D66000A785C5 /* SceneDelegate.m in Sources */ = {isa = PBXBuildFile; fileRef = 84294EB223C5D66000A785C5 /* SceneDelegate.m */; };
		84294EB623C5D66000A785C5 /* ViewController.m in Sources */ = {isa = PBXBuildFile; fileRef = 84294EB523C5D66000A785C5 /* ViewController.m */; };
		84294EB923C5D66000A785C5 /* Main.storyboard in Resources */ = {isa = PBXBuildFile; fileRef = 84294EB723C5D66000A785C5 /* Main.storyboard */; };
		84294EBB23C5D66100A785C5 /* Assets.xcassets in Resources */ = {isa = PBXBuildFile; fileRef = 84294EBA23C5D66100A785C5 /* Assets.xcassets */; };
		84294EBE23C5D66100A785C5 /* LaunchScreen.storyboard in Resources */ = {isa = PBXBuildFile; fileRef = 84294EBC23C5D66100A785C5 /* LaunchScreen.storyboard */; };
		84294EC123C5D66100A785C5 /* main.m in Sources */ = {isa = PBXBuildFile; fileRef = 84294EC023C5D66100A785C5 /* main.m */; };
/* End PBXBuildFile section */

/* Begin PBXFileReference section */
		84294EAB23C5D66000A785C5 /* testCocoapods.app */ = {isa = PBXFileReference; explicitFileType = wrapper.application; includeInIndex = 0; path = testCocoapods.app; sourceTree = BUILT_PRODUCTS_DIR; };
		84294EAE23C5D66000A785C5 /* AppDelegate.h */ = {isa = PBXFileReference; lastKnownFileType = sourcecode.c.h; path = AppDelegate.h; sourceTree = "<group>"; };
		84294EAF23C5D66000A785C5 /* AppDelegate.m */ = {isa = PBXFileReference; lastKnownFileType = sourcecode.c.objc; path = AppDelegate.m; sourceTree = "<group>"; };
		84294EB123C5D66000A785C5 /* SceneDelegate.h */ = {isa = PBXFileReference; lastKnownFileType = sourcecode.c.h; path = SceneDelegate.h; sourceTree = "<group>"; };
		84294EB223C5D66000A785C5 /* SceneDelegate.m */ = {isa = PBXFileReference; lastKnownFileType = sourcecode.c.objc; path = SceneDelegate.m; sourceTree = "<group>"; };
		84294EB423C5D66000A785C5 /* ViewController.h */ = {isa = PBXFileReference; lastKnownFileType = sourcecode.c.h; path = ViewController.h; sourceTree = "<group>"; };
		84294EB523C5D66000A785C5 /* ViewController.m */ = {isa = PBXFileReference; lastKnownFileType = sourcecode.c.objc; path = ViewController.m; sourceTree = "<group>"; };
		84294EB823C5D66000A785C5 /* Base */ = {isa = PBXFileReference; lastKnownFileType = file.storyboard; name = Base; path = Base.lproj/Main.storyboard; sourceTree = "<group>"; };
		84294EBA23C5D66100A785C5 /* Assets.xcassets */ = {isa = PBXFileReference; lastKnownFileType = folder.assetcatalog; path = Assets.xcassets; sourceTree = "<group>"; };
		84294EBD23C5D66100A785C5 /* Base */ = {isa = PBXFileReference; lastKnownFileType = file.storyboard; name = Base; path = Base.lproj/LaunchScreen.storyboard; sourceTree = "<group>"; };
		84294EBF23C5D66100A785C5 /* Info.plist */ = {isa = PBXFileReference; lastKnownFileType = text.plist.xml; path = Info.plist; sourceTree = "<group>"; };
		84294EC023C5D66100A785C5 /* main.m */ = {isa = PBXFileReference; lastKnownFileType = sourcecode.c.objc; path = main.m; sourceTree = "<group>"; };
/* End PBXFileReference section */

/* Begin PBXFrameworksBuildPhase section */
		84294EA823C5D66000A785C5 /* Frameworks */ = {
			isa = PBXFrameworksBuildPhase;
			buildActionMask = 2147483647;
			files = (
			);
			runOnlyForDeploymentPostprocessing = 0;
		};
/* End PBXFrameworksBuildPhase section */

/* Begin PBXGroup section */
		84294EA223C5D66000A785C5 = {
			isa = PBXGroup;
			children = (
				84294EAD23C5D66000A785C5 /* testCocoapods */,
				84294EAC23C5D66000A785C5 /* Products */,
			);
			sourceTree = "<group>";
		};
		84294EAC23C5D66000A785C5 /* Products */ = {
			isa = PBXGroup;
			children = (
				84294EAB23C5D66000A785C5 /* testCocoapods.app */,
			);
			name = Products;
			sourceTree = "<group>";
		};
		84294EAD23C5D66000A785C5 /* testCocoapods */ = {
			isa = PBXGroup;
			children = (
				84294EAE23C5D66000A785C5 /* AppDelegate.h */,
				84294EAF23C5D66000A785C5 /* AppDelegate.m */,
				84294EB123C5D66000A785C5 /* SceneDelegate.h */,
				84294EB223C5D66000A785C5 /* SceneDelegate.m */,
				84294EB423C5D66000A785C5 /* ViewController.h */,
				84294EB523C5D66000A785C5 /* ViewController.m */,
				84294EB723C5D66000A785C5 /* Main.storyboard */,
				84294EBA23C5D66100A785C5 /* Assets.xcassets */,
				84294EBC23C5D66100A785C5 /* LaunchScreen.storyboard */,
				84294EBF23C5D66100A785C5 /* Info.plist */,
				84294EC023C5D66100A785C5 /* main.m */,
			);
			path = testCocoapods;
			sourceTree = "<group>";
		};
/* End PBXGroup section */

/* Begin PBXNativeTarget section */
		84294EAA23C5D66000A785C5 /* testCocoapods */ = {
			isa = PBXNativeTarget;
			buildConfigurationList = 84294EC423C5D66100A785C5 /* Build configuration list for PBXNativeTarget "testCocoapods" */;
			buildPhases = (
				84294EA723C5D66000A785C5 /* Sources */,
				84294EA823C5D66000A785C5 /* Frameworks */,
				84294EA923C5D66000A785C5 /* Resources */,
			);
			buildRules = (
			);
			dependencies = (
			);
			name = testCocoapods;
			productName = testCocoapods;
			productReference = 84294EAB23C5D66000A785C5 /* testCocoapods.app */;
			productType = "com.apple.product-type.application";
		};
/* End PBXNativeTarget section */

/* Begin PBXProject section */
		84294EA323C5D66000A785C5 /* Project object */ = {
			isa = PBXProject;
			attributes = {
				LastUpgradeCheck = 1130;
				ORGANIZATIONNAME = Admin;
				TargetAttributes = {
					84294EAA23C5D66000A785C5 = {
						CreatedOnToolsVersion = 11.3;
					};
				};
			};
			buildConfigurationList = 84294EA623C5D66000A785C5 /* Build configuration list for PBXProject "testCocoapods" */;
			compatibilityVersion = "Xcode 9.3";
			developmentRegion = en;
			hasScannedForEncodings = 0;
			knownRegions = (
				en,
				Base,
			);
			mainGroup = 84294EA223C5D66000A785C5;
			productRefGroup = 84294EAC23C5D66000A785C5 /* Products */;
			projectDirPath = "";
			projectRoot = "";
			targets = (
				84294EAA23C5D66000A785C5 /* testCocoapods */,
			);
		};
/* End PBXProject section */

/* Begin PBXResourcesBuildPhase section */
		84294EA923C5D66000A785C5 /* Resources */ = {
			isa = PBXResourcesBuildPhase;
			buildActionMask = 2147483647;
			files = (
				84294EBE23C5D66100A785C5 /* LaunchScreen.storyboard in Resources */,
				84294EBB23C5D66100A785C5 /* Assets.xcassets in Resources */,
				84294EB923C5D66000A785C5 /* Main.storyboard in Resources */,
			);
			runOnlyForDeploymentPostprocessing = 0;
		};
/* End PBXResourcesBuildPhase section */

/* Begin PBXSourcesBuildPhase section */
		84294EA723C5D66000A785C5 /* Sources */ = {
			isa = PBXSourcesBuildPhase;
			buildActionMask = 2147483647;
			files = (
				84294EB623C5D66000A785C5 /* ViewController.m in Sources */,
				84294EB023C5D66000A785C5 /* AppDelegate.m in Sources */,
				84294EC123C5D66100A785C5 /* main.m in Sources */,
				84294EB323C5D66000A785C5 /* SceneDelegate.m in Sources */,
			);
			runOnlyForDeploymentPostprocessing = 0;
		};
/* End PBXSourcesBuildPhase section */

/* Begin PBXVariantGroup section */
		84294EB723C5D66000A785C5 /* Main.storyboard */ = {
			isa = PBXVariantGroup;
			children = (
				84294EB823C5D66000A785C5 /* Base */,
			);
			name = Main.storyboard;
			sourceTree = "<group>";
		};
		84294EBC23C5D66100A785C5 /* LaunchScreen.storyboard */ = {
			isa = PBXVariantGroup;
			children = (
				84294EBD23C5D66100A785C5 /* Base */,
			);
			name = LaunchScreen.storyboard;
			sourceTree = "<group>";
		};
/* End PBXVariantGroup section */

/* Begin XCBuildConfiguration section */
		84294EC223C5D66100A785C5 /* Debug */ = {
			isa = XCBuildConfiguration;
			buildSettings = {
				ALWAYS_SEARCH_USER_PATHS = NO;
				CLANG_ANALYZER_NONNULL = YES;
				CLANG_ANALYZER_NUMBER_OBJECT_CONVERSION = YES_AGGRESSIVE;
				CLANG_CXX_LANGUAGE_STANDARD = "gnu++14";
				CLANG_CXX_LIBRARY = "libc++";
				CLANG_ENABLE_MODULES = YES;
				CLANG_ENABLE_OBJC_ARC = YES;
				CLANG_ENABLE_OBJC_WEAK = YES;
				CLANG_WARN_BLOCK_CAPTURE_AUTORELEASING = YES;
				CLANG_WARN_BOOL_CONVERSION = YES;
				CLANG_WARN_COMMA = YES;
				CLANG_WARN_CONSTANT_CONVERSION = YES;
				CLANG_WARN_DEPRECATED_OBJC_IMPLEMENTATIONS = YES;
				CLANG_WARN_DIRECT_OBJC_ISA_USAGE = YES_ERROR;
				CLANG_WARN_DOCUMENTATION_COMMENTS = YES;
				CLANG_WARN_EMPTY_BODY = YES;
				CLANG_WARN_ENUM_CONVERSION = YES;
				CLANG_WARN_INFINITE_RECURSION = YES;
				CLANG_WARN_INT_CONVERSION = YES;
				CLANG_WARN_NON_LITERAL_NULL_CONVERSION = YES;
				CLANG_WARN_OBJC_IMPLICIT_RETAIN_SELF = YES;
				CLANG_WARN_OBJC_LITERAL_CONVERSION = YES;
				CLANG_WARN_OBJC_ROOT_CLASS = YES_ERROR;
				CLANG_WARN_RANGE_LOOP_ANALYSIS = YES;
				CLANG_WARN_STRICT_PROTOTYPES = YES;
				CLANG_WARN_SUSPICIOUS_MOVE = YES;
				CLANG_WARN_UNGUARDED_AVAILABILITY = YES_AGGRESSIVE;
				CLANG_WARN_UNREACHABLE_CODE = YES;
				CLANG_WARN__DUPLICATE_METHOD_MATCH = YES;
				COPY_PHASE_STRIP = NO;
				DEBUG_INFORMATION_FORMAT = dwarf;
				ENABLE_STRICT_OBJC_MSGSEND = YES;
				ENABLE_TESTABILITY = YES;
				GCC_C_LANGUAGE_STANDARD = gnu11;
				GCC_DYNAMIC_NO_PIC = NO;
				GCC_NO_COMMON_BLOCKS = YES;
				GCC_OPTIMIZATION_LEVEL = 0;
				GCC_PREPROCESSOR_DEFINITIONS = (
					"DEBUG=1",
					"$(inherited)",
				);
				GCC_WARN_64_TO_32_BIT_CONVERSION = YES;
				GCC_WARN_ABOUT_RETURN_TYPE = YES_ERROR;
				GCC_WARN_UNDECLARED_SELECTOR = YES;
				GCC_WARN_UNINITIALIZED_AUTOS = YES_AGGRESSIVE;
				GCC_WARN_UNUSED_FUNCTION = YES;
				GCC_WARN_UNUSED_VARIABLE = YES;
				IPHONEOS_DEPLOYMENT_TARGET = 13.2;
				MTL_ENABLE_DEBUG_INFO = INCLUDE_SOURCE;
				MTL_FAST_MATH = YES;
				ONLY_ACTIVE_ARCH = YES;
				SDKROOT = iphoneos;
			};
			name = Debug;
		};
		84294EC323C5D66100A785C5 /* Release */ = {
			isa = XCBuildConfiguration;
			buildSettings = {
				ALWAYS_SEARCH_USER_PATHS = NO;
				CLANG_ANALYZER_NONNULL = YES;
				CLANG_ANALYZER_NUMBER_OBJECT_CONVERSION = YES_AGGRESSIVE;
				CLANG_CXX_LANGUAGE_STANDARD = "gnu++14";
				CLANG_CXX_LIBRARY = "libc++";
				CLANG_ENABLE_MODULES = YES;
				CLANG_ENABLE_OBJC_ARC = YES;
				CLANG_ENABLE_OBJC_WEAK = YES;
				CLANG_WARN_BLOCK_CAPTURE_AUTORELEASING = YES;
				CLANG_WARN_BOOL_CONVERSION = YES;
				CLANG_WARN_COMMA = YES;
				CLANG_WARN_CONSTANT_CONVERSION = YES;
				CLANG_WARN_DEPRECATED_OBJC_IMPLEMENTATIONS = YES;
				CLANG_WARN_DIRECT_OBJC_ISA_USAGE = YES_ERROR;
				CLANG_WARN_DOCUMENTATION_COMMENTS = YES;
				CLANG_WARN_EMPTY_BODY = YES;
				CLANG_WARN_ENUM_CONVERSION = YES;
				CLANG_WARN_INFINITE_RECURSION = YES;
				CLANG_WARN_INT_CONVERSION = YES;
				CLANG_WARN_NON_LITERAL_NULL_CONVERSION = YES;
				CLANG_WARN_OBJC_IMPLICIT_RETAIN_SELF = YES;
				CLANG_WARN_OBJC_LITERAL_CONVERSION = YES;
				CLANG_WARN_OBJC_ROOT_CLASS = YES_ERROR;
				CLANG_WARN_RANGE_LOOP_ANALYSIS = YES;
				CLANG_WARN_STRICT_PROTOTYPES = YES;
				CLANG_WARN_SUSPICIOUS_MOVE = YES;
				CLANG_WARN_UNGUARDED_AVAILABILITY = YES_AGGRESSIVE;
				CLANG_WARN_UNREACHABLE_CODE = YES;
				CLANG_WARN__DUPLICATE_METHOD_MATCH = YES;
				COPY_PHASE_STRIP = NO;
				DEBUG_INFORMATION_FORMAT = "dwarf-with-dsym";
				ENABLE_NS_ASSERTIONS = NO;
				ENABLE_STRICT_OBJC_MSGSEND = YES;
				GCC_C_LANGUAGE_STANDARD = gnu11;
				GCC_NO_COMMON_BLOCKS = YES;
				GCC_WARN_64_TO_32_BIT_CONVERSION = YES;
				GCC_WARN_ABOUT_RETURN_TYPE = YES_ERROR;
				GCC_WARN_UNDECLARED_SELECTOR = YES;
				GCC_WARN_UNINITIALIZED_AUTOS = YES_AGGRESSIVE;
				GCC_WARN_UNUSED_FUNCTION = YES;
				GCC_WARN_UNUSED_VARIABLE = YES;
				IPHONEOS_DEPLOYMENT_TARGET = 13.2;
				MTL_ENABLE_DEBUG_INFO = NO;
				MTL_FAST_MATH = YES;
				SDKROOT = iphoneos;
				VALIDATE_PRODUCT = YES;
			};
			name = Release;
		};
		84294EC523C5D66100A785C5 /* Debug */ = {
			isa = XCBuildConfiguration;
			buildSettings = {
				ASSETCATALOG_COMPILER_APPICON_NAME = AppIcon;
				CODE_SIGN_STYLE = Automatic;
				INFOPLIST_FILE = testCocoapods/Info.plist;
				LD_RUNPATH_SEARCH_PATHS = (
					"$(inherited)",
					"@executable_path/Frameworks",
				);
				PRODUCT_BUNDLE_IDENTIFIER = masterteam.testCocoapods;
				PRODUCT_NAME = "$(TARGET_NAME)";
				TARGETED_DEVICE_FAMILY = "1,2";
			};
			name = Debug;
		};
		84294EC623C5D66100A785C5 /* Release */ = {
			isa = XCBuildConfiguration;
			buildSettings = {
				ASSETCATALOG_COMPILER_APPICON_NAME = AppIcon;
				CODE_SIGN_STYLE = Automatic;
				INFOPLIST_FILE = testCocoapods/Info.plist;
				LD_RUNPATH_SEARCH_PATHS = (
					"$(inherited)",
					"@executable_path/Frameworks",
				);
				PRODUCT_BUNDLE_IDENTIFIER = masterteam.testCocoapods;
				PRODUCT_NAME = "$(TARGET_NAME)";
				TARGETED_DEVICE_FAMILY = "1,2";
			};
			name = Release;
		};
/* End XCBuildConfiguration section */

/* Begin XCConfigurationList section */
		84294EA623C5D66000A785C5 /* Build configuration list for PBXProject "testCocoapods" */ = {
			isa = XCConfigurationList;
			buildConfigurations = (
				84294EC223C5D66100A785C5 /* Debug */,
				84294EC323C5D66100A785C5 /* Release */,
			);
			defaultConfigurationIsVisible = 0;
			defaultConfigurationName = Release;
		};
		84294EC423C5D66100A785C5 /* Build configuration list for PBXNativeTarget "testCocoapods" */ = {
			isa = XCConfigurationList;
			buildConfigurations = (
				84294EC523C5D66100A785C5 /* Debug */,
				84294EC623C5D66100A785C5 /* Release */,
			);
			defaultConfigurationIsVisible = 0;
			defaultConfigurationName = Release;
		};
/* End XCConfigurationList section */
	};
	rootObject = 84294EA323C5D66000A785C5 /* Project object */;
}
